
Microsoft Visual Studio Solution File, Format Version 12.00
# Visual Studio Version 17
VisualStudioVersion = 17.0.32112.339
MinimumVisualStudioVersion = 10.0.40219.1
Project("{FAE04EC0-301F-11D3-BF4B-00C04F79EFBC}") = "WinFormsApp1", "WinFormsApp1\WinFormsApp1.csproj", "{183AEAF5-61E2-45B1-875B-FCDCFC1EF4F1}"
EndProject
Global
	GlobalSection(SolutionConfigurationPlatforms) = preSolution
		Debug|Any CPU = Debug|Any CPU
		Release|Any CPU = Release|Any CPU
	EndGlobalSection
	GlobalSection(ProjectConfigurationPlatforms) = postSolution
		{183AEAF5-61E2-45B1-875B-FCDCFC1EF4F1}.Debug|Any CPU.ActiveCfg = Debug|Any CPU
		{183AEAF5-61E2-45B1-875B-FCDCFC1EF4F1}.Debug|Any CPU.Build.0 = Debug|Any CPU
		{183AEAF5-61E2-45B1-875B-FCDCFC1EF4F1}.Release|Any CPU.ActiveCfg = Release|Any CPU
		{183AEAF5-61E2-45B1-875B-FCDCFC1EF4F1}.Release|Any CPU.Build.0 = Release|Any CPU
	EndGlobalSection
	GlobalSection(SolutionProperties) = preSolution
		HideSolutionNode = FALSE
	EndGlobalSection
	GlobalSection(ExtensibilityGlobals) = postSolution
		SolutionGuid = {24290F2F-7BEA-4BC0-82E1-5EBE79F57F78}
	EndGlobalSection
EndGlobal
